
Microsoft Visual Studio Solution File, Format Version 12.00
# Visual Studio Version 17
VisualStudioVersion = 17.9.34607.119
MinimumVisualStudioVersion = 10.0.40219.1
Project("{9A19103F-16F7-4668-BE54-9A1E7A4F7556}") = "BookshelfApi", "BookshelfApi\BookshelfApi.csproj", "{238FEA04-FF8D-4222-A1BD-DF19053DF8FB}"
EndProject
Project("{FAE04EC0-301F-11D3-BF4B-00C04F79EFBC}") = "BookshelfWeb", "BookshelfWeb\BookshelfWeb.csproj", "{D80EAA35-C13C-4400-ADD1-E4C0FDDF1307}"
EndProject
Global
	GlobalSection(SolutionConfigurationPlatforms) = preSolution
		Debug|Any CPU = Debug|Any CPU
		Release|Any CPU = Release|Any CPU
	EndGlobalSection
	GlobalSection(ProjectConfigurationPlatforms) = postSolution
		{238FEA04-FF8D-4222-A1BD-DF19053DF8FB}.Debug|Any CPU.ActiveCfg = Debug|Any CPU
		{238FEA04-FF8D-4222-A1BD-DF19053DF8FB}.Debug|Any CPU.Build.0 = Debug|Any CPU
		{238FEA04-FF8D-4222-A1BD-DF19053DF8FB}.Release|Any CPU.ActiveCfg = Release|Any CPU
		{238FEA04-FF8D-4222-A1BD-DF19053DF8FB}.Release|Any CPU.Build.0 = Release|Any CPU
		{D80EAA35-C13C-4400-ADD1-E4C0FDDF1307}.Debug|Any CPU.ActiveCfg = Debug|Any CPU
		{D80EAA35-C13C-4400-ADD1-E4C0FDDF1307}.Debug|Any CPU.Build.0 = Debug|Any CPU
		{D80EAA35-C13C-4400-ADD1-E4C0FDDF1307}.Release|Any CPU.ActiveCfg = Release|Any CPU
		{D80EAA35-C13C-4400-ADD1-E4C0FDDF1307}.Release|Any CPU.Build.0 = Release|Any CPU
	EndGlobalSection
	GlobalSection(SolutionProperties) = preSolution
		HideSolutionNode = FALSE
	EndGlobalSection
	GlobalSection(ExtensibilityGlobals) = postSolution
		SolutionGuid = {6901806A-BD4E-4083-9375-0D2F8ADB056C}
	EndGlobalSection
EndGlobal
